// !$*UTF8*$!
{
	archiveVersion = 1;
	classes = {
	};
	objectVersion = 46;
	objects = {

/* Begin PBXBuildFile section */
		32364DB7E14CD836E71BE7A7 /* Pods.framework in Frameworks */ = {isa = PBXBuildFile; fileRef = 79FBE2C57C3ECA998719FA2B /* Pods.framework */; };
		C440C9A91E5A19DA005A9836 /* main.m in Sources */ = {isa = PBXBuildFile; fileRef = C440C9A81E5A19DA005A9836 /* main.m */; };
		C440C9AC1E5A19DA005A9836 /* AppDelegate.m in Sources */ = {isa = PBXBuildFile; fileRef = C440C9AB1E5A19DA005A9836 /* AppDelegate.m */; };
		C440C9AF1E5A19DA005A9836 /* ProductListViewController.m in Sources */ = {isa = PBXBuildFile; fileRef = C440C9AE1E5A19DA005A9836 /* ProductListViewController.m */; };
		C440C9B21E5A19DA005A9836 /* Main.storyboard in Resources */ = {isa = PBXBuildFile; fileRef = C440C9B01E5A19DA005A9836 /* Main.storyboard */; };
		C440C9B41E5A19DA005A9836 /* Assets.xcassets in Resources */ = {isa = PBXBuildFile; fileRef = C440C9B31E5A19DA005A9836 /* Assets.xcassets */; };
		C440C9B71E5A19DA005A9836 /* LaunchScreen.storyboard in Resources */ = {isa = PBXBuildFile; fileRef = C440C9B51E5A19DA005A9836 /* LaunchScreen.storyboard */; };
		C440C9C21E5A19DA005A9836 /* YooxTests.m in Sources */ = {isa = PBXBuildFile; fileRef = C440C9C11E5A19DA005A9836 /* YooxTests.m */; };
		C440C9CD1E5A19DA005A9836 /* YooxUITests.m in Sources */ = {isa = PBXBuildFile; fileRef = C440C9CC1E5A19DA005A9836 /* YooxUITests.m */; };
		C440C9DC1E5A1B58005A9836 /* ProductDetailViewController.m in Sources */ = {isa = PBXBuildFile; fileRef = C440C9DB1E5A1B58005A9836 /* ProductDetailViewController.m */; };
		C440C9E21E5A327A005A9836 /* ImageUrlGenerator.m in Sources */ = {isa = PBXBuildFile; fileRef = C440C9E11E5A327A005A9836 /* ImageUrlGenerator.m */; };
/* End PBXBuildFile section */

/* Begin PBXContainerItemProxy section */
		C440C9BE1E5A19DA005A9836 /* PBXContainerItemProxy */ = {
			isa = PBXContainerItemProxy;
			containerPortal = C440C99C1E5A19DA005A9836 /* Project object */;
			proxyType = 1;
			remoteGlobalIDString = C440C9A31E5A19DA005A9836;
			remoteInfo = Yoox;
		};
		C440C9C91E5A19DA005A9836 /* PBXContainerItemProxy */ = {
			isa = PBXContainerItemProxy;
			containerPortal = C440C99C1E5A19DA005A9836 /* Project object */;
			proxyType = 1;
			remoteGlobalIDString = C440C9A31E5A19DA005A9836;
			remoteInfo = Yoox;
		};
/* End PBXContainerItemProxy section */

/* Begin PBXFileReference section */
		2A20E8C94A531C5BD9445F3F /* Pods.debug.xcconfig */ = {isa = PBXFileReference; includeInIndex = 1; lastKnownFileType = text.xcconfig; name = Pods.debug.xcconfig; path = "Pods/Target Support Files/Pods/Pods.debug.xcconfig"; sourceTree = "<group>"; };
		3198FF0A12304AB461D136AF /* Pods.release.xcconfig */ = {isa = PBXFileReference; includeInIndex = 1; lastKnownFileType = text.xcconfig; name = Pods.release.xcconfig; path = "Pods/Target Support Files/Pods/Pods.release.xcconfig"; sourceTree = "<group>"; };
		79FBE2C57C3ECA998719FA2B /* Pods.framework */ = {isa = PBXFileReference; explicitFileType = wrapper.framework; includeInIndex = 0; path = Pods.framework; sourceTree = BUILT_PRODUCTS_DIR; };
		C440C9A41E5A19DA005A9836 /* Yoox.app */ = {isa = PBXFileReference; explicitFileType = wrapper.application; includeInIndex = 0; path = Yoox.app; sourceTree = BUILT_PRODUCTS_DIR; };
		C440C9A81E5A19DA005A9836 /* main.m */ = {isa = PBXFileReference; lastKnownFileType = sourcecode.c.objc; path = main.m; sourceTree = "<group>"; };
		C440C9AA1E5A19DA005A9836 /* AppDelegate.h */ = {isa = PBXFileReference; lastKnownFileType = sourcecode.c.h; path = AppDelegate.h; sourceTree = "<group>"; };
		C440C9AB1E5A19DA005A9836 /* AppDelegate.m */ = {isa = PBXFileReference; lastKnownFileType = sourcecode.c.objc; path = AppDelegate.m; sourceTree = "<group>"; };
		C440C9AD1E5A19DA005A9836 /* ProductListViewController.h */ = {isa = PBXFileReference; lastKnownFileType = sourcecode.c.h; path = ProductListViewController.h; sourceTree = "<group>"; };
		C440C9AE1E5A19DA005A9836 /* ProductListViewController.m */ = {isa = PBXFileReference; lastKnownFileType = sourcecode.c.objc; path = ProductListViewController.m; sourceTree = "<group>"; };
		C440C9B11E5A19DA005A9836 /* Base */ = {isa = PBXFileReference; lastKnownFileType = file.storyboard; name = Base; path = Base.lproj/Main.storyboard; sourceTree = "<group>"; };
		C440C9B31E5A19DA005A9836 /* Assets.xcassets */ = {isa = PBXFileReference; lastKnownFileType = folder.assetcatalog; path = Assets.xcassets; sourceTree = "<group>"; };
		C440C9B61E5A19DA005A9836 /* Base */ = {isa = PBXFileReference; lastKnownFileType = file.storyboard; name = Base; path = Base.lproj/LaunchScreen.storyboard; sourceTree = "<group>"; };
		C440C9B81E5A19DA005A9836 /* Info.plist */ = {isa = PBXFileReference; lastKnownFileType = text.plist.xml; path = Info.plist; sourceTree = "<group>"; };
		C440C9BD1E5A19DA005A9836 /* YooxTests.xctest */ = {isa = PBXFileReference; explicitFileType = wrapper.cfbundle; includeInIndex = 0; path = YooxTests.xctest; sourceTree = BUILT_PRODUCTS_DIR; };
		C440C9C11E5A19DA005A9836 /* YooxTests.m */ = {isa = PBXFileReference; lastKnownFileType = sourcecode.c.objc; path = YooxTests.m; sourceTree = "<group>"; };
		C440C9C31E5A19DA005A9836 /* Info.plist */ = {isa = PBXFileReference; lastKnownFileType = text.plist.xml; path = Info.plist; sourceTree = "<group>"; };
		C440C9C81E5A19DA005A9836 /* YooxUITests.xctest */ = {isa = PBXFileReference; explicitFileType = wrapper.cfbundle; includeInIndex = 0; path = YooxUITests.xctest; sourceTree = BUILT_PRODUCTS_DIR; };
		C440C9CC1E5A19DA005A9836 /* YooxUITests.m */ = {isa = PBXFileReference; lastKnownFileType = sourcecode.c.objc; path = YooxUITests.m; sourceTree = "<group>"; };
		C440C9CE1E5A19DA005A9836 /* Info.plist */ = {isa = PBXFileReference; lastKnownFileType = text.plist.xml; path = Info.plist; sourceTree = "<group>"; };
		C440C9DA1E5A1B58005A9836 /* ProductDetailViewController.h */ = {isa = PBXFileReference; fileEncoding = 4; lastKnownFileType = sourcecode.c.h; path = ProductDetailViewController.h; sourceTree = "<group>"; };
		C440C9DB1E5A1B58005A9836 /* ProductDetailViewController.m */ = {isa = PBXFileReference; fileEncoding = 4; lastKnownFileType = sourcecode.c.objc; path = ProductDetailViewController.m; sourceTree = "<group>"; };
		C440C9DE1E5A321B005A9836 /* UrlGeneratorProtocol.h */ = {isa = PBXFileReference; fileEncoding = 4; lastKnownFileType = sourcecode.c.h; path = UrlGeneratorProtocol.h; sourceTree = "<group>"; };
		C440C9E01E5A327A005A9836 /* ImageUrlGenerator.h */ = {isa = PBXFileReference; fileEncoding = 4; lastKnownFileType = sourcecode.c.h; path = ImageUrlGenerator.h; sourceTree = "<group>"; };
		C440C9E11E5A327A005A9836 /* ImageUrlGenerator.m */ = {isa = PBXFileReference; fileEncoding = 4; lastKnownFileType = sourcecode.c.objc; path = ImageUrlGenerator.m; sourceTree = "<group>"; };
/* End PBXFileReference section */

/* Begin PBXFrameworksBuildPhase section */
		C440C9A11E5A19DA005A9836 /* Frameworks */ = {
			isa = PBXFrameworksBuildPhase;
			buildActionMask = 2147483647;
			files = (
				32364DB7E14CD836E71BE7A7 /* Pods.framework in Frameworks */,
			);
			runOnlyForDeploymentPostprocessing = 0;
		};
		C440C9BA1E5A19DA005A9836 /* Frameworks */ = {
			isa = PBXFrameworksBuildPhase;
			buildActionMask = 2147483647;
			files = (
			);
			runOnlyForDeploymentPostprocessing = 0;
		};
		C440C9C51E5A19DA005A9836 /* Frameworks */ = {
			isa = PBXFrameworksBuildPhase;
			buildActionMask = 2147483647;
			files = (
			);
			runOnlyForDeploymentPostprocessing = 0;
		};
/* End PBXFrameworksBuildPhase section */

/* Begin PBXGroup section */
		4C8AA7CCF5494616A71D4B24 /* Pods */ = {
			isa = PBXGroup;
			children = (
				2A20E8C94A531C5BD9445F3F /* Pods.debug.xcconfig */,
				3198FF0A12304AB461D136AF /* Pods.release.xcconfig */,
			);
			name = Pods;
			sourceTree = "<group>";
		};
		C440C99B1E5A19DA005A9836 = {
			isa = PBXGroup;
			children = (
				C440C9A61E5A19DA005A9836 /* Yoox */,
				C440C9C01E5A19DA005A9836 /* YooxTests */,
				C440C9CB1E5A19DA005A9836 /* YooxUITests */,
				C440C9A51E5A19DA005A9836 /* Products */,
				4C8AA7CCF5494616A71D4B24 /* Pods */,
				F66663D85BB8B407FF98658A /* Frameworks */,
			);
			sourceTree = "<group>";
		};
		C440C9A51E5A19DA005A9836 /* Products */ = {
			isa = PBXGroup;
			children = (
				C440C9A41E5A19DA005A9836 /* Yoox.app */,
				C440C9BD1E5A19DA005A9836 /* YooxTests.xctest */,
				C440C9C81E5A19DA005A9836 /* YooxUITests.xctest */,
			);
			name = Products;
			sourceTree = "<group>";
		};
		C440C9A61E5A19DA005A9836 /* Yoox */ = {
			isa = PBXGroup;
			children = (
				C440C9DF1E5A325F005A9836 /* Services */,
				C440C9DD1E5A3170005A9836 /* Protocols */,
				C440C9AA1E5A19DA005A9836 /* AppDelegate.h */,
				C440C9AB1E5A19DA005A9836 /* AppDelegate.m */,
				C440C9AD1E5A19DA005A9836 /* ProductListViewController.h */,
				C440C9AE1E5A19DA005A9836 /* ProductListViewController.m */,
				C440C9DA1E5A1B58005A9836 /* ProductDetailViewController.h */,
				C440C9DB1E5A1B58005A9836 /* ProductDetailViewController.m */,
				C440C9B01E5A19DA005A9836 /* Main.storyboard */,
				C440C9B31E5A19DA005A9836 /* Assets.xcassets */,
				C440C9B51E5A19DA005A9836 /* LaunchScreen.storyboard */,
				C440C9B81E5A19DA005A9836 /* Info.plist */,
				C440C9A71E5A19DA005A9836 /* Supporting Files */,
			);
			path = Yoox;
			sourceTree = "<group>";
		};
		C440C9A71E5A19DA005A9836 /* Supporting Files */ = {
			isa = PBXGroup;
			children = (
				C440C9A81E5A19DA005A9836 /* main.m */,
			);
			name = "Supporting Files";
			sourceTree = "<group>";
		};
		C440C9C01E5A19DA005A9836 /* YooxTests */ = {
			isa = PBXGroup;
			children = (
				C440C9C11E5A19DA005A9836 /* YooxTests.m */,
				C440C9C31E5A19DA005A9836 /* Info.plist */,
			);
			path = YooxTests;
			sourceTree = "<group>";
		};
		C440C9CB1E5A19DA005A9836 /* YooxUITests */ = {
			isa = PBXGroup;
			children = (
				C440C9CC1E5A19DA005A9836 /* YooxUITests.m */,
				C440C9CE1E5A19DA005A9836 /* Info.plist */,
			);
			path = YooxUITests;
			sourceTree = "<group>";
		};
		C440C9DD1E5A3170005A9836 /* Protocols */ = {
			isa = PBXGroup;
			children = (
				C440C9DE1E5A321B005A9836 /* UrlGeneratorProtocol.h */,
			);
			path = Protocols;
			sourceTree = "<group>";
		};
		C440C9DF1E5A325F005A9836 /* Services */ = {
			isa = PBXGroup;
			children = (
				C440C9E01E5A327A005A9836 /* ImageUrlGenerator.h */,
				C440C9E11E5A327A005A9836 /* ImageUrlGenerator.m */,
			);
			path = Services;
			sourceTree = "<group>";
		};
		F66663D85BB8B407FF98658A /* Frameworks */ = {
			isa = PBXGroup;
			children = (
				79FBE2C57C3ECA998719FA2B /* Pods.framework */,
			);
			name = Frameworks;
			sourceTree = "<group>";
		};
/* End PBXGroup section */

/* Begin PBXNativeTarget section */
		C440C9A31E5A19DA005A9836 /* Yoox */ = {
			isa = PBXNativeTarget;
			buildConfigurationList = C440C9D11E5A19DA005A9836 /* Build configuration list for PBXNativeTarget "Yoox" */;
			buildPhases = (
				556D1F4AD6B9C4D91FD54ADE /* Check Pods Manifest.lock */,
				C440C9A01E5A19DA005A9836 /* Sources */,
				C440C9A11E5A19DA005A9836 /* Frameworks */,
				C440C9A21E5A19DA005A9836 /* Resources */,
				1B521BFB38C3186CB9AFBA36 /* Embed Pods Frameworks */,
				547C259531B59491B81FD07F /* Copy Pods Resources */,
			);
			buildRules = (
			);
			dependencies = (
			);
			name = Yoox;
			productName = Yoox;
			productReference = C440C9A41E5A19DA005A9836 /* Yoox.app */;
			productType = "com.apple.product-type.application";
		};
		C440C9BC1E5A19DA005A9836 /* YooxTests */ = {
			isa = PBXNativeTarget;
			buildConfigurationList = C440C9D41E5A19DA005A9836 /* Build configuration list for PBXNativeTarget "YooxTests" */;
			buildPhases = (
				C440C9B91E5A19DA005A9836 /* Sources */,
				C440C9BA1E5A19DA005A9836 /* Frameworks */,
				C440C9BB1E5A19DA005A9836 /* Resources */,
			);
			buildRules = (
			);
			dependencies = (
				C440C9BF1E5A19DA005A9836 /* PBXTargetDependency */,
			);
			name = YooxTests;
			productName = YooxTests;
			productReference = C440C9BD1E5A19DA005A9836 /* YooxTests.xctest */;
			productType = "com.apple.product-type.bundle.unit-test";
		};
		C440C9C71E5A19DA005A9836 /* YooxUITests */ = {
			isa = PBXNativeTarget;
			buildConfigurationList = C440C9D71E5A19DA005A9836 /* Build configuration list for PBXNativeTarget "YooxUITests" */;
			buildPhases = (
				C440C9C41E5A19DA005A9836 /* Sources */,
				C440C9C51E5A19DA005A9836 /* Frameworks */,
				C440C9C61E5A19DA005A9836 /* Resources */,
			);
			buildRules = (
			);
			dependencies = (
				C440C9CA1E5A19DA005A9836 /* PBXTargetDependency */,
			);
			name = YooxUITests;
			productName = YooxUITests;
			productReference = C440C9C81E5A19DA005A9836 /* YooxUITests.xctest */;
			productType = "com.apple.product-type.bundle.ui-testing";
		};
/* End PBXNativeTarget section */

/* Begin PBXProject section */
		C440C99C1E5A19DA005A9836 /* Project object */ = {
			isa = PBXProject;
			attributes = {
				LastUpgradeCheck = 0820;
				ORGANIZATIONNAME = it.whiteworld.yoox;
				TargetAttributes = {
					C440C9A31E5A19DA005A9836 = {
						CreatedOnToolsVersion = 8.2.1;
						DevelopmentTeam = 26Z828N557;
						ProvisioningStyle = Automatic;
					};
					C440C9BC1E5A19DA005A9836 = {
						CreatedOnToolsVersion = 8.2.1;
						DevelopmentTeam = 26Z828N557;
						ProvisioningStyle = Automatic;
						TestTargetID = C440C9A31E5A19DA005A9836;
					};
					C440C9C71E5A19DA005A9836 = {
						CreatedOnToolsVersion = 8.2.1;
						DevelopmentTeam = 26Z828N557;
						ProvisioningStyle = Automatic;
						TestTargetID = C440C9A31E5A19DA005A9836;
					};
				};
			};
			buildConfigurationList = C440C99F1E5A19DA005A9836 /* Build configuration list for PBXProject "Yoox" */;
			compatibilityVersion = "Xcode 3.2";
			developmentRegion = English;
			hasScannedForEncodings = 0;
			knownRegions = (
				en,
				Base,
			);
			mainGroup = C440C99B1E5A19DA005A9836;
			productRefGroup = C440C9A51E5A19DA005A9836 /* Products */;
			projectDirPath = "";
			projectRoot = "";
			targets = (
				C440C9A31E5A19DA005A9836 /* Yoox */,
				C440C9BC1E5A19DA005A9836 /* YooxTests */,
				C440C9C71E5A19DA005A9836 /* YooxUITests */,
			);
		};
/* End PBXProject section */

/* Begin PBXResourcesBuildPhase section */
		C440C9A21E5A19DA005A9836 /* Resources */ = {
			isa = PBXResourcesBuildPhase;
			buildActionMask = 2147483647;
			files = (
				C440C9B71E5A19DA005A9836 /* LaunchScreen.storyboard in Resources */,
				C440C9B41E5A19DA005A9836 /* Assets.xcassets in Resources */,
				C440C9B21E5A19DA005A9836 /* Main.storyboard in Resources */,
			);
			runOnlyForDeploymentPostprocessing = 0;
		};
		C440C9BB1E5A19DA005A9836 /* Resources */ = {
			isa = PBXResourcesBuildPhase;
			buildActionMask = 2147483647;
			files = (
			);
			runOnlyForDeploymentPostprocessing = 0;
		};
		C440C9C61E5A19DA005A9836 /* Resources */ = {
			isa = PBXResourcesBuildPhase;
			buildActionMask = 2147483647;
			files = (
			);
			runOnlyForDeploymentPostprocessing = 0;
		};
/* End PBXResourcesBuildPhase section */

/* Begin PBXShellScriptBuildPhase section */
		1B521BFB38C3186CB9AFBA36 /* Embed Pods Frameworks */ = {
			isa = PBXShellScriptBuildPhase;
			buildActionMask = 2147483647;
			files = (
			);
			inputPaths = (
			);
			name = "Embed Pods Frameworks";
			outputPaths = (
			);
			runOnlyForDeploymentPostprocessing = 0;
			shellPath = /bin/sh;
			shellScript = "\"${SRCROOT}/Pods/Target Support Files/Pods/Pods-frameworks.sh\"\n";
			showEnvVarsInLog = 0;
		};
		547C259531B59491B81FD07F /* Copy Pods Resources */ = {
			isa = PBXShellScriptBuildPhase;
			buildActionMask = 2147483647;
			files = (
			);
			inputPaths = (
			);
			name = "Copy Pods Resources";
			outputPaths = (
			);
			runOnlyForDeploymentPostprocessing = 0;
			shellPath = /bin/sh;
			shellScript = "\"${SRCROOT}/Pods/Target Support Files/Pods/Pods-resources.sh\"\n";
			showEnvVarsInLog = 0;
		};
		556D1F4AD6B9C4D91FD54ADE /* Check Pods Manifest.lock */ = {
			isa = PBXShellScriptBuildPhase;
			buildActionMask = 2147483647;
			files = (
			);
			inputPaths = (
			);
			name = "Check Pods Manifest.lock";
			outputPaths = (
			);
			runOnlyForDeploymentPostprocessing = 0;
			shellPath = /bin/sh;
			shellScript = "diff \"${PODS_ROOT}/../Podfile.lock\" \"${PODS_ROOT}/Manifest.lock\" > /dev/null\nif [[ $? != 0 ]] ; then\n    cat << EOM\nerror: The sandbox is not in sync with the Podfile.lock. Run 'pod install' or update your CocoaPods installation.\nEOM\n    exit 1\nfi\n";
			showEnvVarsInLog = 0;
		};
/* End PBXShellScriptBuildPhase section */

/* Begin PBXSourcesBuildPhase section */
		C440C9A01E5A19DA005A9836 /* Sources */ = {
			isa = PBXSourcesBuildPhase;
			buildActionMask = 2147483647;
			files = (
				C440C9AF1E5A19DA005A9836 /* ProductListViewController.m in Sources */,
				C440C9AC1E5A19DA005A9836 /* AppDelegate.m in Sources */,
				C440C9A91E5A19DA005A9836 /* main.m in Sources */,
				C440C9DC1E5A1B58005A9836 /* ProductDetailViewController.m in Sources */,
				C440C9E21E5A327A005A9836 /* ImageUrlGenerator.m in Sources */,
			);
			runOnlyForDeploymentPostprocessing = 0;
		};
		C440C9B91E5A19DA005A9836 /* Sources */ = {
			isa = PBXSourcesBuildPhase;
			buildActionMask = 2147483647;
			files = (
				C440C9C21E5A19DA005A9836 /* YooxTests.m in Sources */,
			);
			runOnlyForDeploymentPostprocessing = 0;
		};
		C440C9C41E5A19DA005A9836 /* Sources */ = {
			isa = PBXSourcesBuildPhase;
			buildActionMask = 2147483647;
			files = (
				C440C9CD1E5A19DA005A9836 /* YooxUITests.m in Sources */,
			);
			runOnlyForDeploymentPostprocessing = 0;
		};
/* End PBXSourcesBuildPhase section */

/* Begin PBXTargetDependency section */
		C440C9BF1E5A19DA005A9836 /* PBXTargetDependency */ = {
			isa = PBXTargetDependency;
			target = C440C9A31E5A19DA005A9836 /* Yoox */;
			targetProxy = C440C9BE1E5A19DA005A9836 /* PBXContainerItemProxy */;
		};
		C440C9CA1E5A19DA005A9836 /* PBXTargetDependency */ = {
			isa = PBXTargetDependency;
			target = C440C9A31E5A19DA005A9836 /* Yoox */;
			targetProxy = C440C9C91E5A19DA005A9836 /* PBXContainerItemProxy */;
		};
/* End PBXTargetDependency section */

/* Begin PBXVariantGroup section */
		C440C9B01E5A19DA005A9836 /* Main.storyboard */ = {
			isa = PBXVariantGroup;
			children = (
				C440C9B11E5A19DA005A9836 /* Base */,
			);
			name = Main.storyboard;
			sourceTree = "<group>";
		};
		C440C9B51E5A19DA005A9836 /* LaunchScreen.storyboard */ = {
			isa = PBXVariantGroup;
			children = (
				C440C9B61E5A19DA005A9836 /* Base */,
			);
			name = LaunchScreen.storyboard;
			sourceTree = "<group>";
		};
/* End PBXVariantGroup section */

/* Begin XCBuildConfiguration section */
		C440C9CF1E5A19DA005A9836 /* Debug */ = {
			isa = XCBuildConfiguration;
			buildSettings = {
				ALWAYS_SEARCH_USER_PATHS = NO;
				CLANG_ANALYZER_NONNULL = YES;
				CLANG_CXX_LANGUAGE_STANDARD = "gnu++0x";
				CLANG_CXX_LIBRARY = "libc++";
				CLANG_ENABLE_MODULES = YES;
				CLANG_ENABLE_OBJC_ARC = YES;
				CLANG_WARN_BOOL_CONVERSION = YES;
				CLANG_WARN_CONSTANT_CONVERSION = YES;
				CLANG_WARN_DIRECT_OBJC_ISA_USAGE = YES_ERROR;
				CLANG_WARN_DOCUMENTATION_COMMENTS = YES;
				CLANG_WARN_EMPTY_BODY = YES;
				CLANG_WARN_ENUM_CONVERSION = YES;
				CLANG_WARN_INFINITE_RECURSION = YES;
				CLANG_WARN_INT_CONVERSION = YES;
				CLANG_WARN_OBJC_ROOT_CLASS = YES_ERROR;
				CLANG_WARN_SUSPICIOUS_MOVE = YES;
				CLANG_WARN_UNREACHABLE_CODE = YES;
				CLANG_WARN__DUPLICATE_METHOD_MATCH = YES;
				"CODE_SIGN_IDENTITY[sdk=iphoneos*]" = "iPhone Developer";
				COPY_PHASE_STRIP = NO;
				DEBUG_INFORMATION_FORMAT = dwarf;
				ENABLE_STRICT_OBJC_MSGSEND = YES;
				ENABLE_TESTABILITY = YES;
				GCC_C_LANGUAGE_STANDARD = gnu99;
				GCC_DYNAMIC_NO_PIC = NO;
				GCC_NO_COMMON_BLOCKS = YES;
				GCC_OPTIMIZATION_LEVEL = 0;
				GCC_PREPROCESSOR_DEFINITIONS = (
					"DEBUG=1",
					"$(inherited)",
				);
				GCC_WARN_64_TO_32_BIT_CONVERSION = YES;
				GCC_WARN_ABOUT_RETURN_TYPE = YES_ERROR;
				GCC_WARN_UNDECLARED_SELECTOR = YES;
				GCC_WARN_UNINITIALIZED_AUTOS = YES_AGGRESSIVE;
				GCC_WARN_UNUSED_FUNCTION = YES;
				GCC_WARN_UNUSED_VARIABLE = YES;
				IPHONEOS_DEPLOYMENT_TARGET = 10.2;
				MTL_ENABLE_DEBUG_INFO = YES;
				ONLY_ACTIVE_ARCH = YES;
				SDKROOT = iphoneos;
				TARGETED_DEVICE_FAMILY = "1,2";
			};
			name = Debug;
		};
		C440C9D01E5A19DA005A9836 /* Release */ = {
			isa = XCBuildConfiguration;
			buildSettings = {
				ALWAYS_SEARCH_USER_PATHS = NO;
				CLANG_ANALYZER_NONNULL = YES;
				CLANG_CXX_LANGUAGE_STANDARD = "gnu++0x";
				CLANG_CXX_LIBRARY = "libc++";
				CLANG_ENABLE_MODULES = YES;
				CLANG_ENABLE_OBJC_ARC = YES;
				CLANG_WARN_BOOL_CONVERSION = YES;
				CLANG_WARN_CONSTANT_CONVERSION = YES;
				CLANG_WARN_DIRECT_OBJC_ISA_USAGE = YES_ERROR;
				CLANG_WARN_DOCUMENTATION_COMMENTS = YES;
				CLANG_WARN_EMPTY_BODY = YES;
				CLANG_WARN_ENUM_CONVERSION = YES;
				CLANG_WARN_INFINITE_RECURSION = YES;
				CLANG_WARN_INT_CONVERSION = YES;
				CLANG_WARN_OBJC_ROOT_CLASS = YES_ERROR;
				CLANG_WARN_SUSPICIOUS_MOVE = YES;
				CLANG_WARN_UNREACHABLE_CODE = YES;
				CLANG_WARN__DUPLICATE_METHOD_MATCH = YES;
				"CODE_SIGN_IDENTITY[sdk=iphoneos*]" = "iPhone Developer";
				COPY_PHASE_STRIP = NO;
				DEBUG_INFORMATION_FORMAT = "dwarf-with-dsym";
				ENABLE_NS_ASSERTIONS = NO;
				ENABLE_STRICT_OBJC_MSGSEND = YES;
				GCC_C_LANGUAGE_STANDARD = gnu99;
				GCC_NO_COMMON_BLOCKS = YES;
				GCC_WARN_64_TO_32_BIT_CONVERSION = YES;
				GCC_WARN_ABOUT_RETURN_TYPE = YES_ERROR;
				GCC_WARN_UNDECLARED_SELECTOR = YES;
				GCC_WARN_UNINITIALIZED_AUTOS = YES_AGGRESSIVE;
				GCC_WARN_UNUSED_FUNCTION = YES;
				GCC_WARN_UNUSED_VARIABLE = YES;
				IPHONEOS_DEPLOYMENT_TARGET = 10.2;
				MTL_ENABLE_DEBUG_INFO = NO;
				SDKROOT = iphoneos;
				TARGETED_DEVICE_FAMILY = "1,2";
				VALIDATE_PRODUCT = YES;
			};
			name = Release;
		};
		C440C9D21E5A19DA005A9836 /* Debug */ = {
			isa = XCBuildConfiguration;
			baseConfigurationReference = 2A20E8C94A531C5BD9445F3F /* Pods.debug.xcconfig */;
			buildSettings = {
				ASSETCATALOG_COMPILER_APPICON_NAME = AppIcon;
				DEVELOPMENT_TEAM = 26Z828N557;
				INFOPLIST_FILE = Yoox/Info.plist;
				LD_RUNPATH_SEARCH_PATHS = "$(inherited) @executable_path/Frameworks";
				PRODUCT_BUNDLE_IDENTIFIER = it.whiteworld.Yoox;
				PRODUCT_NAME = "$(TARGET_NAME)";
			};
			name = Debug;
		};
		C440C9D31E5A19DA005A9836 /* Release */ = {
			isa = XCBuildConfiguration;
			baseConfigurationReference = 3198FF0A12304AB461D136AF /* Pods.release.xcconfig */;
			buildSettings = {
				ASSETCATALOG_COMPILER_APPICON_NAME = AppIcon;
				DEVELOPMENT_TEAM = 26Z828N557;
				INFOPLIST_FILE = Yoox/Info.plist;
				LD_RUNPATH_SEARCH_PATHS = "$(inherited) @executable_path/Frameworks";
				PRODUCT_BUNDLE_IDENTIFIER = it.whiteworld.Yoox;
				PRODUCT_NAME = "$(TARGET_NAME)";
			};
			name = Release;
		};
		C440C9D51E5A19DA005A9836 /* Debug */ = {
			isa = XCBuildConfiguration;
			buildSettings = {
				BUNDLE_LOADER = "$(TEST_HOST)";
				DEVELOPMENT_TEAM = 26Z828N557;
				INFOPLIST_FILE = YooxTests/Info.plist;
				LD_RUNPATH_SEARCH_PATHS = "$(inherited) @executable_path/Frameworks @loader_path/Frameworks";
				PRODUCT_BUNDLE_IDENTIFIER = it.whiteworld.YooxTests;
				PRODUCT_NAME = "$(TARGET_NAME)";
				TEST_HOST = "$(BUILT_PRODUCTS_DIR)/Yoox.app/Yoox";
			};
			name = Debug;
		};
		C440C9D61E5A19DA005A9836 /* Release */ = {
			isa = XCBuildConfiguration;
			buildSettings = {
				BUNDLE_LOADER = "$(TEST_HOST)";
				DEVELOPMENT_TEAM = 26Z828N557;
				INFOPLIST_FILE = YooxTests/Info.plist;
				LD_RUNPATH_SEARCH_PATHS = "$(inherited) @executable_path/Frameworks @loader_path/Frameworks";
				PRODUCT_BUNDLE_IDENTIFIER = it.whiteworld.YooxTests;
				PRODUCT_NAME = "$(TARGET_NAME)";
				TEST_HOST = "$(BUILT_PRODUCTS_DIR)/Yoox.app/Yoox";
			};
			name = Release;
		};
		C440C9D81E5A19DA005A9836 /* Debug */ = {
			isa = XCBuildConfiguration;
			buildSettings = {
				DEVELOPMENT_TEAM = 26Z828N557;
				INFOPLIST_FILE = YooxUITests/Info.plist;
				LD_RUNPATH_SEARCH_PATHS = "$(inherited) @executable_path/Frameworks @loader_path/Frameworks";
				PRODUCT_BUNDLE_IDENTIFIER = it.whiteworld.YooxUITests;
				PRODUCT_NAME = "$(TARGET_NAME)";
				TEST_TARGET_NAME = Yoox;
			};
			name = Debug;
		};
		C440C9D91E5A19DA005A9836 /* Release */ = {
			isa = XCBuildConfiguration;
			buildSettings = {
				DEVELOPMENT_TEAM = 26Z828N557;
				INFOPLIST_FILE = YooxUITests/Info.plist;
				LD_RUNPATH_SEARCH_PATHS = "$(inherited) @executable_path/Frameworks @loader_path/Frameworks";
				PRODUCT_BUNDLE_IDENTIFIER = it.whiteworld.YooxUITests;
				PRODUCT_NAME = "$(TARGET_NAME)";
				TEST_TARGET_NAME = Yoox;
			};
			name = Release;
		};
/* End XCBuildConfiguration section */

/* Begin XCConfigurationList section */
		C440C99F1E5A19DA005A9836 /* Build configuration list for PBXProject "Yoox" */ = {
			isa = XCConfigurationList;
			buildConfigurations = (
				C440C9CF1E5A19DA005A9836 /* Debug */,
				C440C9D01E5A19DA005A9836 /* Release */,
			);
			defaultConfigurationIsVisible = 0;
			defaultConfigurationName = Release;
		};
		C440C9D11E5A19DA005A9836 /* Build configuration list for PBXNativeTarget "Yoox" */ = {
			isa = XCConfigurationList;
			buildConfigurations = (
				C440C9D21E5A19DA005A9836 /* Debug */,
				C440C9D31E5A19DA005A9836 /* Release */,
			);
			defaultConfigurationIsVisible = 0;
			defaultConfigurationName = Release;
		};
		C440C9D41E5A19DA005A9836 /* Build configuration list for PBXNativeTarget "YooxTests" */ = {
			isa = XCConfigurationList;
			buildConfigurations = (
				C440C9D51E5A19DA005A9836 /* Debug */,
				C440C9D61E5A19DA005A9836 /* Release */,
			);
			defaultConfigurationIsVisible = 0;
			defaultConfigurationName = Release;
		};
		C440C9D71E5A19DA005A9836 /* Build configuration list for PBXNativeTarget "YooxUITests" */ = {
			isa = XCConfigurationList;
			buildConfigurations = (
				C440C9D81E5A19DA005A9836 /* Debug */,
				C440C9D91E5A19DA005A9836 /* Release */,
			);
			defaultConfigurationIsVisible = 0;
			defaultConfigurationName = Release;
		};
/* End XCConfigurationList section */
	};
	rootObject = C440C99C1E5A19DA005A9836 /* Project object */;
}
